<?xml version="1.0" encoding="utf-8"?>
<Project ToolsVersion="4.0" xmlns="http://schemas.microsoft.com/developer/msbuild/2003">
  <ItemGroup>
    <Filter Include="Source Files">
      <UniqueIdentifier>{4FC737F1-C7A5-4376-A066-2A32D752A2FF}</UniqueIdentifier>
      <Extensions>cpp;c;cc;cxx;def;odl;idl;hpj;bat;asm;asmx</Extensions>
    </Filter>
    <Filter Include="Header Files">
      <UniqueIdentifier>{93995380-89BD-4b04-88EB-625FBE52EBFB}</UniqueIdentifier>
      <Extensions>h;hh;hpp;hxx;hm;inl;inc;xsd</Extensions>
    </Filter>
    <Filter Include="Resource Files">
      <UniqueIdentifier>{D9D6E242-F8AF-46E4-B9FD-80ECBC20BA3E}</UniqueIdentifier>
      <Extensions>qrc;*</Extensions>
      <ParseFiles>false</ParseFiles>
    </Filter>
    <Filter Include="Form Files">
      <UniqueIdentifier>{99349809-55BA-4b9d-BF79-8FDBB0286EB3}</UniqueIdentifier>
      <Extensions>ui</Extensions>
    </Filter>
    <Filter Include="Resource Files">
      <UniqueIdentifier>{D9D6E242-F8AF-46E4-B9FD-80ECBC20BA3E}</UniqueIdentifier>
      <Extensions>qrc;*</Extensions>
      <ParseFiles>false</ParseFiles>
    </Filter>
  </ItemGroup>
  <ItemGroup>
    <ClCompile Include="main.cpp">
      <Filter>Source Files</Filter>
    </ClCompile>
    <ClCompile Include="algorithm_page.cpp">
      <Filter>Source Files</Filter>
    </ClCompile>
    <ClCompile Include="DwellSquence_page.cpp">
      <Filter>Source Files</Filter>
    </ClCompile>
    <ClCompile Include="Erp.cpp">
      <Filter>Source Files</Filter>
    </ClCompile>
    <ClCompile Include="MainWindow2.cpp">
      <Filter>Source Files</Filter>
    </ClCompile>
    <ClCompile Include="MainWindow4.cpp">
      <Filter>Source Files</Filter>
    </ClCompile>
    <ClCompile Include="Mission_page.cpp">
      <Filter>Source Files</Filter>
    </ClCompile>
    <ClCompile Include="MyTab.cpp">
      <Filter>Source Files</Filter>
    </ClCompile>
    <ClCompile Include="point_page.cpp">
      <Filter>Source Files</Filter>
    </ClCompile>
    <ClCompile Include="Pri.cpp">
      <Filter>Source Files</Filter>
    </ClCompile>
    <ClCompile Include="Pri_values.cpp">
      <Filter>Source Files</Filter>
    </ClCompile>
    <ClCompile Include="Pw.cpp">
      <Filter>Source Files</Filter>
    </ClCompile>
    <ClCompile Include="Pw_values.cpp">
      <Filter>Source Files</Filter>
    </ClCompile>
    <ClCompile Include="Radar_mode.cpp">
      <Filter>Source Files</Filter>
    </ClCompile>
    <ClCompile Include="Rf.cpp">
      <Filter>Source Files</Filter>
    </ClCompile>
    <ClCompile Include="Rf_values.cpp">
      <Filter>Source Files</Filter>
    </ClCompile>
    <ClCompile Include="Scan.cpp">
      <Filter>Source Files</Filter>
    </ClCompile>
    <ClCompile Include="Section_page.cpp">
      <Filter>Source Files</Filter>
    </ClCompile>
    <ClCompile Include="tech_page.cpp">
      <Filter>Source Files</Filter>
    </ClCompile>
    <ClCompile Include="MainWindow.cpp">
      <Filter>Source Files</Filter>
    </ClCompile>
    <ClCompile Include="xml_prase.cpp">
      <Filter>Source Files</Filter>
    </ClCompile>
    <ClCompile Include="RouteEvaluation.cpp">
      <Filter>Source Files</Filter>
    </ClCompile>
  </ItemGroup>
  <ItemGroup>
    <QtMoc Include="algorithm_page.h">
      <Filter>Header Files</Filter>
    </QtMoc>
    <QtMoc Include="DwellSquence_page.h">
      <Filter>Header Files</Filter>
    </QtMoc>
    <QtMoc Include="Erp_page.h">
      <Filter>Header Files</Filter>
    </QtMoc>
    <QtMoc Include="MainWindow2.h">
      <Filter>Header Files</Filter>
    </QtMoc>
    <QtMoc Include="MainWindow4.h">
      <Filter>Header Files</Filter>
    </QtMoc>
    <QtMoc Include="Mission_page.h">
      <Filter>Header Files</Filter>
    </QtMoc>
    <QtMoc Include="point_page.h">
      <Filter>Header Files</Filter>
    </QtMoc>
    <QtMoc Include="Pri_page.h">
      <Filter>Header Files</Filter>
    </QtMoc>
    <QtMoc Include="Pri_values_page.h">
      <Filter>Header Files</Filter>
    </QtMoc>
    <QtMoc Include="Pw_page.h">
      <Filter>Header Files</Filter>
    </QtMoc>
    <QtMoc Include="Pw_values_page.h">
      <Filter>Header Files</Filter>
    </QtMoc>
    <QtMoc Include="Radar_mode_page.h">
      <Filter>Header Files</Filter>
    </QtMoc>
    <QtMoc Include="Rf_page.h">
      <Filter>Header Files</Filter>
    </QtMoc>
    <QtMoc Include="Rf_values_page.h">
      <Filter>Header Files</Filter>
    </QtMoc>
    <QtMoc Include="Scan_page.h">
      <Filter>Header Files</Filter>
    </QtMoc>
    <QtMoc Include="Section_page.h">
      <Filter>Header Files</Filter>
    </QtMoc>
    <QtMoc Include="tech_page.h">
      <Filter>Header Files</Filter>
    </QtMoc>
    <QtMoc Include="MainWindow.h">
      <Filter>Header Files</Filter>
    </QtMoc>
  </ItemGroup>
  <ItemGroup>
    <QtUic Include="MainWindow.ui">
      <Filter>Form Files</Filter>
    </QtUic>
    <QtUic Include="algorithm_page.ui">
      <Filter>Form Files</Filter>
    </QtUic>
    <QtUic Include="DwellSquence_page.ui">
      <Filter>Form Files</Filter>
    </QtUic>
    <QtUic Include="Erp.ui">
      <Filter>Form Files</Filter>
    </QtUic>
    <QtUic Include="MainWindow2.ui">
      <Filter>Form Files</Filter>
    </QtUic>
    <QtUic Include="MainWindow4.ui">
      <Filter>Form Files</Filter>
    </QtUic>
    <QtUic Include="Mission_page.ui">
      <Filter>Form Files</Filter>
    </QtUic>
    <QtUic Include="point_page.ui">
      <Filter>Form Files</Filter>
    </QtUic>
    <QtUic Include="Pri.ui">
      <Filter>Form Files</Filter>
    </QtUic>
    <QtUic Include="Pri_values.ui">
      <Filter>Form Files</Filter>
    </QtUic>
    <QtUic Include="Pw.ui">
      <Filter>Form Files</Filter>
    </QtUic>
    <QtUic Include="Pw_values.ui">
      <Filter>Form Files</Filter>
    </QtUic>
    <QtUic Include="Radar_mode.ui">
      <Filter>Form Files</Filter>
    </QtUic>
    <QtUic Include="Rf.ui">
      <Filter>Form Files</Filter>
    </QtUic>
    <QtUic Include="Rf_values.ui">
      <Filter>Form Files</Filter>
    </QtUic>
    <QtUic Include="Scan.ui">
      <Filter>Form Files</Filter>
    </QtUic>
    <QtUic Include="Section_page.ui">
      <Filter>Form Files</Filter>
    </QtUic>
    <QtUic Include="tech_page.ui">
      <Filter>Form Files</Filter>
    </QtUic>
    <QtUic Include="MarkovEvaluate.ui">
      <Filter>Form Files</Filter>
    </QtUic>
  </ItemGroup>
  <ItemGroup>
    <QtRcc Include="RoutePlanGui.qrc">
      <Filter>Resource Files</Filter>
    </QtRcc>
  </ItemGroup>
  <ItemGroup>
    <ResourceCompile Include="RoutePlanGui.rc" />
  </ItemGroup>
  <ItemGroup>
    <ClInclude Include="MyTab.h">
      <Filter>Header Files</Filter>
    </ClInclude>
    <ClInclude Include="resource.h">
      <Filter>Header Files</Filter>
    </ClInclude>
    <ClInclude Include="xml_prase.h">
      <Filter>Header Files</Filter>
    </ClInclude>
    <ClInclude Include="RouteEvaluation.h">
      <Filter>Header Files</Filter>
    </ClInclude>
  </ItemGroup>
</Project>